
Microsoft Visual Studio Solution File, Format Version 12.00
# Visual Studio Version 17
VisualStudioVersion = 17.9.34723.18
MinimumVisualStudioVersion = 10.0.40219.1
Project("{9A19103F-16F7-4668-BE54-9A1E7A4F7556}") = "PrintToBambu", "PrintToBambu\PrintToBambu.csproj", "{DD286F1D-2D1A-43DE-AC5E-9B1C0A9B4D09}"
EndProject
Project("{2150E333-8FDC-42A3-9474-1A3956D46DE8}") = "Solution Items", "Solution Items", "{64E58D1B-DEE6-459D-BFBD-1CBAA53358FE}"
	ProjectSection(SolutionItems) = preProject
		.gitignore = .gitignore
	EndProjectSection
EndProject
Global
	GlobalSection(SolutionConfigurationPlatforms) = preSolution
		Debug|Any CPU = Debug|Any CPU
		Release|Any CPU = Release|Any CPU
	EndGlobalSection
	GlobalSection(ProjectConfigurationPlatforms) = postSolution
		{DD286F1D-2D1A-43DE-AC5E-9B1C0A9B4D09}.Debug|Any CPU.ActiveCfg = Debug|Any CPU
		{DD286F1D-2D1A-43DE-AC5E-9B1C0A9B4D09}.Debug|Any CPU.Build.0 = Debug|Any CPU
		{DD286F1D-2D1A-43DE-AC5E-9B1C0A9B4D09}.Release|Any CPU.ActiveCfg = Release|Any CPU
		{DD286F1D-2D1A-43DE-AC5E-9B1C0A9B4D09}.Release|Any CPU.Build.0 = Release|Any CPU
	EndGlobalSection
	GlobalSection(SolutionProperties) = preSolution
		HideSolutionNode = FALSE
	EndGlobalSection
	GlobalSection(ExtensibilityGlobals) = postSolution
		SolutionGuid = {2BB90611-4306-4BC7-987E-654D51AF261B}
	EndGlobalSection
EndGlobal
